
Microsoft Visual Studio Solution File, Format Version 12.00
# Visual Studio Version 16
VisualStudioVersion = 16.0.29324.140
MinimumVisualStudioVersion = 10.0.40219.1
Project("{2150E333-8FDC-42A3-9474-1A3956D46DE8}") = "SimpleFactory", "SimpleFactory", "{9FC309E8-95F1-4C06-89B6-24150F5B5F1D}"
EndProject
Project("{2150E333-8FDC-42A3-9474-1A3956D46DE8}") = "Strategy", "Strategy", "{9D0ABB96-626A-46A7-B5A2-FFBA52C8FD25}"
EndProject
Project("{9A19103F-16F7-4668-BE54-9A1E7A4F7556}") = "SimpleFactory", "SimpleFactory\SimpleFactory.csproj", "{50697093-3BF0-42C5-A494-77EE1096FB84}"
EndProject
Project("{9A19103F-16F7-4668-BE54-9A1E7A4F7556}") = "Strategy", "Strategy\Strategy.csproj", "{633AD9FE-83B6-4CF1-ABE8-336900A7F497}"
EndProject
Global
	GlobalSection(SolutionConfigurationPlatforms) = preSolution
		Debug|Any CPU = Debug|Any CPU
		Release|Any CPU = Release|Any CPU
	EndGlobalSection
	GlobalSection(ProjectConfigurationPlatforms) = postSolution
		{50697093-3BF0-42C5-A494-77EE1096FB84}.Debug|Any CPU.ActiveCfg = Debug|Any CPU
		{50697093-3BF0-42C5-A494-77EE1096FB84}.Debug|Any CPU.Build.0 = Debug|Any CPU
		{50697093-3BF0-42C5-A494-77EE1096FB84}.Release|Any CPU.ActiveCfg = Release|Any CPU
		{50697093-3BF0-42C5-A494-77EE1096FB84}.Release|Any CPU.Build.0 = Release|Any CPU
		{633AD9FE-83B6-4CF1-ABE8-336900A7F497}.Debug|Any CPU.ActiveCfg = Debug|Any CPU
		{633AD9FE-83B6-4CF1-ABE8-336900A7F497}.Debug|Any CPU.Build.0 = Debug|Any CPU
		{633AD9FE-83B6-4CF1-ABE8-336900A7F497}.Release|Any CPU.ActiveCfg = Release|Any CPU
		{633AD9FE-83B6-4CF1-ABE8-336900A7F497}.Release|Any CPU.Build.0 = Release|Any CPU
	EndGlobalSection
	GlobalSection(SolutionProperties) = preSolution
		HideSolutionNode = FALSE
	EndGlobalSection
	GlobalSection(NestedProjects) = preSolution
		{50697093-3BF0-42C5-A494-77EE1096FB84} = {9FC309E8-95F1-4C06-89B6-24150F5B5F1D}
		{633AD9FE-83B6-4CF1-ABE8-336900A7F497} = {9D0ABB96-626A-46A7-B5A2-FFBA52C8FD25}
	EndGlobalSection
	GlobalSection(ExtensibilityGlobals) = postSolution
		SolutionGuid = {9D65C8F6-4468-4F8D-8F80-9B8AD7D6333F}
	EndGlobalSection
EndGlobal
