
Microsoft Visual Studio Solution File, Format Version 12.00
# Visual Studio Version 16
VisualStudioVersion = 16.0.29324.140
MinimumVisualStudioVersion = 10.0.40219.1
Project("{2150E333-8FDC-42A3-9474-1A3956D46DE8}") = "CreationalPatterns", "CreationalPatterns", "{F2C7D1F7-979B-4819-9074-1E3EF1A448D0}"
EndProject
Project("{2150E333-8FDC-42A3-9474-1A3956D46DE8}") = "StructuralPatterns", "StructuralPatterns", "{30BEBE8D-F72C-4DAD-8B30-708E373A1CBD}"
EndProject
Project("{2150E333-8FDC-42A3-9474-1A3956D46DE8}") = "BehavioralPatterns", "BehavioralPatterns", "{54333C21-604F-4193-BDFA-AA94F4CEFA30}"
EndProject
Project("{9A19103F-16F7-4668-BE54-9A1E7A4F7556}") = "FactoryPattern", "CreationalPatterns\FactoryPattern\FactoryPattern.csproj", "{1AF24867-17D0-44FF-BA56-A25CC1B1367C}"
EndProject
Project("{9A19103F-16F7-4668-BE54-9A1E7A4F7556}") = "AbstractFactoryPattern", "CreationalPatterns\AbstractFactoryPattern\AbstractFactoryPattern.csproj", "{114A5E47-1374-47DA-BF91-AD486B746006}"
EndProject
Project("{FAE04EC0-301F-11D3-BF4B-00C04F79EFBC}") = "SingletonPattern", "CreationalPatterns\SingletonPattern\SingletonPattern.csproj", "{BC74565B-F6CE-4340-94B5-29285832CA67}"
EndProject
Project("{FAE04EC0-301F-11D3-BF4B-00C04F79EFBC}") = "BuilderPattern", "CreationalPatterns\BuilderPattern\BuilderPattern.csproj", "{DB472FCB-46CE-4FB9-A53E-25BB393B3EF8}"
EndProject
Project("{FAE04EC0-301F-11D3-BF4B-00C04F79EFBC}") = "PrototypePattern", "CreationalPatterns\PrototypePattern\PrototypePattern.csproj", "{B74D6F5E-AB69-4088-8F6A-56E5BE25ECF5}"
EndProject
Global
	GlobalSection(SolutionConfigurationPlatforms) = preSolution
		Debug|Any CPU = Debug|Any CPU
		Release|Any CPU = Release|Any CPU
	EndGlobalSection
	GlobalSection(ProjectConfigurationPlatforms) = postSolution
		{1AF24867-17D0-44FF-BA56-A25CC1B1367C}.Debug|Any CPU.ActiveCfg = Debug|Any CPU
		{1AF24867-17D0-44FF-BA56-A25CC1B1367C}.Debug|Any CPU.Build.0 = Debug|Any CPU
		{1AF24867-17D0-44FF-BA56-A25CC1B1367C}.Release|Any CPU.ActiveCfg = Release|Any CPU
		{1AF24867-17D0-44FF-BA56-A25CC1B1367C}.Release|Any CPU.Build.0 = Release|Any CPU
		{114A5E47-1374-47DA-BF91-AD486B746006}.Debug|Any CPU.ActiveCfg = Debug|Any CPU
		{114A5E47-1374-47DA-BF91-AD486B746006}.Debug|Any CPU.Build.0 = Debug|Any CPU
		{114A5E47-1374-47DA-BF91-AD486B746006}.Release|Any CPU.ActiveCfg = Release|Any CPU
		{114A5E47-1374-47DA-BF91-AD486B746006}.Release|Any CPU.Build.0 = Release|Any CPU
		{BC74565B-F6CE-4340-94B5-29285832CA67}.Debug|Any CPU.ActiveCfg = Debug|Any CPU
		{BC74565B-F6CE-4340-94B5-29285832CA67}.Debug|Any CPU.Build.0 = Debug|Any CPU
		{BC74565B-F6CE-4340-94B5-29285832CA67}.Release|Any CPU.ActiveCfg = Release|Any CPU
		{BC74565B-F6CE-4340-94B5-29285832CA67}.Release|Any CPU.Build.0 = Release|Any CPU
		{DB472FCB-46CE-4FB9-A53E-25BB393B3EF8}.Debug|Any CPU.ActiveCfg = Debug|Any CPU
		{DB472FCB-46CE-4FB9-A53E-25BB393B3EF8}.Debug|Any CPU.Build.0 = Debug|Any CPU
		{DB472FCB-46CE-4FB9-A53E-25BB393B3EF8}.Release|Any CPU.ActiveCfg = Release|Any CPU
		{DB472FCB-46CE-4FB9-A53E-25BB393B3EF8}.Release|Any CPU.Build.0 = Release|Any CPU
		{B74D6F5E-AB69-4088-8F6A-56E5BE25ECF5}.Debug|Any CPU.ActiveCfg = Debug|Any CPU
		{B74D6F5E-AB69-4088-8F6A-56E5BE25ECF5}.Debug|Any CPU.Build.0 = Debug|Any CPU
		{B74D6F5E-AB69-4088-8F6A-56E5BE25ECF5}.Release|Any CPU.ActiveCfg = Release|Any CPU
		{B74D6F5E-AB69-4088-8F6A-56E5BE25ECF5}.Release|Any CPU.Build.0 = Release|Any CPU
	EndGlobalSection
	GlobalSection(SolutionProperties) = preSolution
		HideSolutionNode = FALSE
	EndGlobalSection
	GlobalSection(NestedProjects) = preSolution
		{1AF24867-17D0-44FF-BA56-A25CC1B1367C} = {F2C7D1F7-979B-4819-9074-1E3EF1A448D0}
		{114A5E47-1374-47DA-BF91-AD486B746006} = {F2C7D1F7-979B-4819-9074-1E3EF1A448D0}
		{BC74565B-F6CE-4340-94B5-29285832CA67} = {F2C7D1F7-979B-4819-9074-1E3EF1A448D0}
		{DB472FCB-46CE-4FB9-A53E-25BB393B3EF8} = {F2C7D1F7-979B-4819-9074-1E3EF1A448D0}
		{B74D6F5E-AB69-4088-8F6A-56E5BE25ECF5} = {F2C7D1F7-979B-4819-9074-1E3EF1A448D0}
	EndGlobalSection
	GlobalSection(ExtensibilityGlobals) = postSolution
		SolutionGuid = {9D65C8F6-4468-4F8D-8F80-9B8AD7D6333F}
	EndGlobalSection
EndGlobal
